{
  "name": "bare-kit",
  "lockfileVersion": 3,
  "requires": true,
  "packages": {
    "": {
      "name": "bare-kit",
      "license": "Apache-2.0",
      "dependencies": {
        "bare-bundle": "^1.4.0",
        "bare-crypto": "^1.2.8",
        "bare-events": "^2.4.2",
        "bare-fs": "^3.0.2",
        "bare-ipc": "^1.0.0",
        "bare-module": "^4.3.0",
        "bare-module-resolve": "^1.6.2",
        "bare-path": "^3.0.0",
        "bare-rpc": "^0.1.0",
        "bare-url": "^2.0.1"
      },
      "devDependencies": {
        "cmake-bare-bundle": "^2.1.3",
        "cmake-fetch": "^1.1.0",
        "cmake-npm": "^1.0.2",
        "prettier": "^3.3.3",
        "prettier-config-standard": "^7.0.0"
      }
    },
    "node_modules/b4a": {
      "version": "1.6.7",
      "resolved": "https://registry.npmjs.org/b4a/-/b4a-1.6.7.tgz",
      "integrity": "sha512-OnAYlL5b7LEkALw87fUVafQw5rVR9RjwGd4KUwNQ6DrrNmaVaUCgLipfVlzrPQ4tWOR9P0IXGNOx50jYCCdSJg==",
      "license": "Apache-2.0"
    },
    "node_modules/bare-addon-resolve": {
      "version": "1.6.0",
      "resolved": "https://registry.npmjs.org/bare-addon-resolve/-/bare-addon-resolve-1.6.0.tgz",
      "integrity": "sha512-knN/FxR5o7LVdyEnYCC7V1m1T2vOKw+T+zAl165hiXeva1/nqbfug131QRvrfiEjIu8PEXtUy9KcM4F+rCcGkg==",
      "license": "Apache-2.0",
      "dependencies": {
        "bare-module-resolve": "^1.8.0"
      }
    },
    "node_modules/bare-bundle": {
      "version": "1.8.1",
      "resolved": "https://registry.npmjs.org/bare-bundle/-/bare-bundle-1.8.1.tgz",
      "integrity": "sha512-5LUrTCVJtCiUPd6jbNYBNC9sMgDxsQbRvOuwr6qa2DlzNiHErLjDzcN9KOGIoSsv68O9jzS+syzfniRoaPo/rQ==",
      "license": "Apache-2.0"
    },
    "node_modules/bare-bundle-compile": {
      "version": "1.0.3",
      "resolved": "https://registry.npmjs.org/bare-bundle-compile/-/bare-bundle-compile-1.0.3.tgz",
      "integrity": "sha512-cw+h3K86JVQ534rWIDJ9wqHCYGO46yIbdKxRDZAaZeMtTCunWAUdsOtEynmvJlNSYs69o35UFnK+X4k3lm5xkQ==",
      "dev": true,
      "license": "Apache-2.0",
      "peerDependencies": {
        "bare-bundle": "^1.8.0"
      }
    },
    "node_modules/bare-bundle-id": {
      "version": "1.0.0",
      "resolved": "https://registry.npmjs.org/bare-bundle-id/-/bare-bundle-id-1.0.0.tgz",
      "integrity": "sha512-HbGuXbMbZIRzUT+w2oSezyCwSUd6X/VBAOyepkVXO1JdCsvx0/Q2Kw5Fwib0ctjIGj215zVhCwhTVRFeNsdhHw==",
      "dev": true,
      "license": "Apache-2.0",
      "dependencies": {
        "sodium-native": "^4.2.1"
      },
      "peerDependencies": {
        "bare-bundle": "^1.8.0"
      }
    },
    "node_modules/bare-crypto": {
      "version": "1.3.1",
      "resolved": "https://registry.npmjs.org/bare-crypto/-/bare-crypto-1.3.1.tgz",
      "integrity": "sha512-bcbAZmhr6t6EEazQuwu3EhPX/eZR2z0yLyss9hj8XDjeMqXe+KxEkrxDqTkkqLuslO6IQ8mJFVB2mkL/QyXKUA==",
      "license": "Apache-2.0",
      "dependencies": {
        "bare-stream": "^2.0.0"
      }
    },
    "node_modules/bare-events": {
      "version": "2.5.0",
      "resolved": "https://registry.npmjs.org/bare-events/-/bare-events-2.5.0.tgz",
      "integrity": "sha512-/E8dDe9dsbLyh2qrZ64PEPadOQ0F4gbl1sUJOrmph7xOiIxfY8vwab/4bFLh4Y88/Hk/ujKcrQKc+ps0mv873A==",
      "license": "Apache-2.0"
    },
    "node_modules/bare-fs": {
      "version": "3.1.1",
      "resolved": "https://registry.npmjs.org/bare-fs/-/bare-fs-3.1.1.tgz",
      "integrity": "sha512-AhJ8tNQxhYGfpYERMKshGXG5CJF7S2JpxYAGTa1+Bd78m4TKeMqj9UqmW8Z2ooAYeP0idv0fi/AYVomS9NqKRQ==",
      "license": "Apache-2.0",
      "dependencies": {
        "bare-events": "^2.0.0",
        "bare-path": "^3.0.0",
        "bare-stream": "^2.0.0"
      }
    },
    "node_modules/bare-ipc": {
      "version": "1.0.0",
      "resolved": "https://registry.npmjs.org/bare-ipc/-/bare-ipc-1.0.0.tgz",
      "integrity": "sha512-MxSHKbuEwz9pYNpzyIE4VbgnKrnCGz8QqoaC/7pvt/bh9C/GV5dru82Wy1LM5MmyyD/vuf1hZAlNhOdgGBdkQg==",
      "license": "Apache-2.0",
      "dependencies": {
        "bare-pipe": "^3.3.2",
        "bare-stream": "^2.1.3"
      }
    },
    "node_modules/bare-module": {
      "version": "4.6.3",
      "resolved": "https://registry.npmjs.org/bare-module/-/bare-module-4.6.3.tgz",
      "integrity": "sha512-lasFA730xRS9fxd4RSluLdOa+AP/4P6YEdUaLPVVQqgeDL+BWUCqwQFQ0eJm3BFrobLF4FwkeZPl/h56+b0DLQ==",
      "license": "Apache-2.0",
      "dependencies": {
        "bare-bundle": "^1.3.0",
        "bare-module-lexer": "^1.0.0",
        "bare-module-resolve": "^1.8.0",
        "bare-path": "^3.0.0",
        "bare-url": "^2.0.1"
      }
    },
    "node_modules/bare-module-lexer": {
      "version": "1.0.7",
      "resolved": "https://registry.npmjs.org/bare-module-lexer/-/bare-module-lexer-1.0.7.tgz",
      "integrity": "sha512-udUm4rxx65rmpSpU+zw0NHLKhLNwCUaTj3GdTbTX0kGktpwaGpt+94CKGOJ+IplNt5MES3Ok7NdQDBU5fV2HCw==",
      "license": "Apache-2.0",
      "dependencies": {
        "require-addon": "^1.0.2"
      }
    },
    "node_modules/bare-module-resolve": {
      "version": "1.8.1",
      "resolved": "https://registry.npmjs.org/bare-module-resolve/-/bare-module-resolve-1.8.1.tgz",
      "integrity": "sha512-hl4hMnFzH0zrh2PzkOWtP9bCbBgMjnYY9VdHDXW7BrFSwygAuSJilWcTr6eYTCcAzYYfHWYN2iyM2zMzVz6TfQ==",
      "license": "Apache-2.0",
      "dependencies": {
        "bare-semver": "^1.0.0"
      }
    },
    "node_modules/bare-module-traverse": {
      "version": "1.2.6",
      "resolved": "https://registry.npmjs.org/bare-module-traverse/-/bare-module-traverse-1.2.6.tgz",
      "integrity": "sha512-uY/qSP9aw5kFKLWLYxqV+lk9rkx5OWJapbVA6z/AaSy7n5W/suGgPGOLc+BKQR5FfaVLcNTXfI/mSDnaHyWotw==",
      "dev": true,
      "license": "Apache-2.0",
      "dependencies": {
        "bare-addon-resolve": "^1.5.0",
        "bare-module-lexer": "^1.0.0",
        "bare-module-resolve": "^1.7.0"
      }
    },
    "node_modules/bare-os": {
      "version": "3.2.1",
      "resolved": "https://registry.npmjs.org/bare-os/-/bare-os-3.2.1.tgz",
      "integrity": "sha512-2DK/A2wc9+9RySMGv0s4rX9cYlnyuu8nYXL1/XxObnlaQhIAABJXQi5PX5ChMep1xCVXF9TDVhgdq/Y+Qb5meg==",
      "license": "Apache-2.0",
      "engines": {
        "bare": ">=1.6.0"
      }
    },
    "node_modules/bare-pack": {
      "version": "1.1.3",
      "resolved": "https://registry.npmjs.org/bare-pack/-/bare-pack-1.1.3.tgz",
      "integrity": "sha512-2uKdHXzR4Kyr+XTuMLKEuVFBnVZsfN4yOf2ehwrQOsffem2HfNqpaCiP7c1e/HENuPWD3VAyeLtuN6Rk2FP3wg==",
      "dev": true,
      "license": "Apache-2.0",
      "dependencies": {
        "bare-bundle": "^1.8.0",
        "bare-bundle-id": "^1.0.0",
        "bare-module-traverse": "^1.2.5",
        "paparam": "^1.5.0",
        "promaphore": "^1.0.0"
      },
      "bin": {
        "bare-pack": "bin.js"
      }
    },
    "node_modules/bare-path": {
      "version": "3.0.0",
      "resolved": "https://registry.npmjs.org/bare-path/-/bare-path-3.0.0.tgz",
      "integrity": "sha512-tyfW2cQcB5NN8Saijrhqn0Zh7AnFNsnczRcuWODH0eYAXBsJ5gVxAUuNr7tsHSC6IZ77cA0SitzT+s47kot8Mw==",
      "license": "Apache-2.0",
      "dependencies": {
        "bare-os": "^3.0.1"
      }
    },
    "node_modules/bare-pipe": {
      "version": "3.3.8",
      "resolved": "https://registry.npmjs.org/bare-pipe/-/bare-pipe-3.3.8.tgz",
      "integrity": "sha512-X8Ulz/os6LR/cF5HBljq/tJ0NP7eNGjiripZF53EMtgkhJ9FVl1/WLZxwvUvcqbR82Ywaq6KYM+A6zS7DGPPUw==",
      "license": "Apache-2.0",
      "dependencies": {
        "bare-events": "^2.0.0",
        "bare-stream": "^2.0.0"
      }
    },
    "node_modules/bare-rpc": {
      "version": "0.1.2",
      "resolved": "https://registry.npmjs.org/bare-rpc/-/bare-rpc-0.1.2.tgz",
      "integrity": "sha512-xLp4ntEi9uJ4zRnEkNULyeg2UvjOkUr1JgAdgQkXr3pHnMK3CSXwdSLIPBQNjVrKIGumG9u6jGtUcf4o/bqCfw==",
      "license": "Apache-2.0",
      "dependencies": {
        "b4a": "^1.6.6",
        "bare-stream": "^2.1.3",
        "compact-encoding": "^2.15.0",
        "safety-catch": "^1.0.2"
      }
    },
    "node_modules/bare-semver": {
      "version": "1.0.0",
      "resolved": "https://registry.npmjs.org/bare-semver/-/bare-semver-1.0.0.tgz",
      "integrity": "sha512-nW9jiT8ePWnCbylz1Xtw1xV4NPwr3TTxAgEMjTC3i/y6VmBCxWzfH4qwN4UWRhpjyIELIz3pfwxCq69b823HCA==",
      "license": "Apache-2.0"
    },
    "node_modules/bare-stream": {
      "version": "2.3.2",
      "resolved": "https://registry.npmjs.org/bare-stream/-/bare-stream-2.3.2.tgz",
      "integrity": "sha512-EFZHSIBkDgSHIwj2l2QZfP4U5OcD4xFAOwhSb/vlr9PIqyGJGvB/nfClJbcnh3EY4jtPE4zsb5ztae96bVF79A==",
      "license": "Apache-2.0",
      "dependencies": {
        "streamx": "^2.20.0"
      }
    },
    "node_modules/bare-url": {
      "version": "2.0.9",
      "resolved": "https://registry.npmjs.org/bare-url/-/bare-url-2.0.9.tgz",
      "integrity": "sha512-rel9eZD6eZ8mKic9WC2pwGautXcsbSoVCyY+kk4JbDIdKwRsYiy8o3oPT/pmOQTcxgZYwcdmveoCZM3k2oUDlQ==",
      "license": "Apache-2.0",
      "dependencies": {
        "bare-path": "^3.0.0"
      }
    },
    "node_modules/cmake-bare": {
      "version": "1.2.4",
      "resolved": "https://registry.npmjs.org/cmake-bare/-/cmake-bare-1.2.4.tgz",
      "integrity": "sha512-kHJc6qm/g7Eo2WKcPfg47dKeNH2Cf9OKOZmkQ0E1HIfQ31vHrxLYhUFijtOYbSw3sZkC9C9+0kJXWlWxtJmxTA==",
      "dev": true,
      "license": "Apache-2.0",
      "dependencies": {
        "cmake-npm": "^1.0.0"
      }
    },
    "node_modules/cmake-bare-bundle": {
      "version": "2.1.3",
      "resolved": "https://registry.npmjs.org/cmake-bare-bundle/-/cmake-bare-bundle-2.1.3.tgz",
      "integrity": "sha512-qwk+8f+ggVanpU8JRfriaRO0Yc+Qvs8eEiyRJIo5Xn9pICg+O8yM2/ZTEXbHFYrlYAosj6DXBprFDpmkKFWfsQ==",
      "dev": true,
      "license": "Apache-2.0",
      "dependencies": {
        "bare-bundle": "^1.8.0",
        "bare-bundle-compile": "^1.0.0",
        "bare-module-traverse": "^1.2.4",
        "bare-pack": "^1.0.0",
        "cmake-bare": "^1.1.4",
        "include-static": "^1.1.0"
      }
    },
    "node_modules/cmake-fetch": {
      "version": "1.1.1",
      "resolved": "https://registry.npmjs.org/cmake-fetch/-/cmake-fetch-1.1.1.tgz",
      "integrity": "sha512-Dlc6QMG2lYWr+nmvlvJvFZy7/eLW2RGRYCMQSbFnL8F4FP4tND3zhu2N7vQM/bhlEengF3y8KF6IM6gIB2crpw==",
      "dev": true,
      "license": "Apache-2.0"
    },
    "node_modules/cmake-npm": {
      "version": "1.0.3",
      "resolved": "https://registry.npmjs.org/cmake-npm/-/cmake-npm-1.0.3.tgz",
      "integrity": "sha512-UD0dCskDfw1ahciue9/HSMV4Gi66LCmpWUpGQUIMiovGrhCpbPxyVqQeawTnDAYEbDBFygHDBOyGv/iYu2KVdQ==",
      "dev": true,
      "license": "Apache-2.0"
    },
    "node_modules/compact-encoding": {
      "version": "2.15.0",
      "resolved": "https://registry.npmjs.org/compact-encoding/-/compact-encoding-2.15.0.tgz",
      "integrity": "sha512-af/NomxL9Mo0lqCk++rxLLDZI+lJqeBrPt4dK6FbjxTCEhfC9yQAIoO6yq9ixyCirce0luQwErkwJrhem6clxA==",
      "license": "Apache-2.0",
      "dependencies": {
        "b4a": "^1.3.0"
      }
    },
    "node_modules/fast-fifo": {
      "version": "1.3.2",
      "resolved": "https://registry.npmjs.org/fast-fifo/-/fast-fifo-1.3.2.tgz",
      "integrity": "sha512-/d9sfos4yxzpwkDkuN7k2SqFKtYNmCTzgfEpz82x34IM9/zc8KGxQoXg1liNC/izpRM/MBdt44Nmx41ZWqk+FQ==",
      "license": "MIT"
    },
    "node_modules/include-static": {
      "version": "1.1.0",
      "resolved": "https://registry.npmjs.org/include-static/-/include-static-1.1.0.tgz",
      "integrity": "sha512-1lAeUDHVfCUFcL84pDPFto5kzNY6uOYENJumGAmFdQQEvgsL7pprNYLWTaLyKo014IXVNtF5adDaSezu6XZWLA==",
      "dev": true,
      "license": "MIT",
      "bin": {
        "include-static": "bin.js"
      }
    },
    "node_modules/node-gyp-build": {
      "version": "4.8.3",
      "resolved": "https://registry.npmjs.org/node-gyp-build/-/node-gyp-build-4.8.3.tgz",
      "integrity": "sha512-EMS95CMJzdoSKoIiXo8pxKoL8DYxwIZXYlLmgPb8KUv794abpnLK6ynsCAWNliOjREKruYKdzbh76HHYUHX7nw==",
      "dev": true,
      "license": "MIT",
      "bin": {
        "node-gyp-build": "bin.js",
        "node-gyp-build-optional": "optional.js",
        "node-gyp-build-test": "build-test.js"
      }
    },
    "node_modules/paparam": {
      "version": "1.6.1",
      "resolved": "https://registry.npmjs.org/paparam/-/paparam-1.6.1.tgz",
      "integrity": "sha512-DBUPol9DzsNjVNh0PwXwzAun5J3H602BVYouLMyRjYZDMt82AG0YCHesgGbCxb+TsdHeHBRSQwOs8igV9+K6Yw==",
      "dev": true,
      "license": "Apache-2.0"
    },
    "node_modules/prettier": {
      "version": "3.3.3",
      "resolved": "https://registry.npmjs.org/prettier/-/prettier-3.3.3.tgz",
      "integrity": "sha512-i2tDNA0O5IrMO757lfrdQZCc2jPNDVntV0m/+4whiDfWaTKfMNgR7Qz0NAeGz/nRqF4m5/6CLzbP4/liHt12Ew==",
      "dev": true,
      "license": "MIT",
      "bin": {
        "prettier": "bin/prettier.cjs"
      },
      "engines": {
        "node": ">=14"
      },
      "funding": {
        "url": "https://github.com/prettier/prettier?sponsor=1"
      }
    },
    "node_modules/prettier-config-standard": {
      "version": "7.0.0",
      "resolved": "https://registry.npmjs.org/prettier-config-standard/-/prettier-config-standard-7.0.0.tgz",
      "integrity": "sha512-NgZy4TYupJR6aMMuV/Aqs0ONnVhlFT8PXVkYRskxREq8EUhJHOddVfBxPV6fWpgcASpJSgvvhVLk0CBO5M3Hvw==",
      "dev": true,
      "license": "BSD-3-Clause",
      "peerDependencies": {
        "prettier": "^2.6.0 || ^3.0.0"
      }
    },
    "node_modules/promaphore": {
      "version": "1.0.0",
      "resolved": "https://registry.npmjs.org/promaphore/-/promaphore-1.0.0.tgz",
      "integrity": "sha512-Eg8401+KJddVvDULkpy8bR964GMX8xMPegL6NdxTeBH2Wa3L86cZlEHizbkFJikr5u+E3wFoR5dLWJ+1OPyEfw==",
      "dev": true,
      "license": "MIT"
    },
    "node_modules/queue-tick": {
      "version": "1.0.1",
      "resolved": "https://registry.npmjs.org/queue-tick/-/queue-tick-1.0.1.tgz",
      "integrity": "sha512-kJt5qhMxoszgU/62PLP1CJytzd2NKetjSRnyuj31fDd3Rlcz3fzlFdFLD1SItunPwyqEOkca6GbV612BWfaBag==",
      "license": "MIT"
    },
    "node_modules/require-addon": {
      "version": "1.0.4",
      "resolved": "https://registry.npmjs.org/require-addon/-/require-addon-1.0.4.tgz",
      "integrity": "sha512-XQYwoPouvZWrXkrJ5Fg9Rv6JloeVkzuOQkBwYNR26oQPqzwD9kkShz4rLzan8As2LJp8lAVZKeIVi2RYIZthTA==",
      "license": "Apache-2.0",
      "dependencies": {
        "bare-addon-resolve": "^1.3.0"
      },
      "engines": {
        "bare": ">=1.10.0"
      }
    },
    "node_modules/safety-catch": {
      "version": "1.0.2",
      "resolved": "https://registry.npmjs.org/safety-catch/-/safety-catch-1.0.2.tgz",
      "integrity": "sha512-C1UYVZ4dtbBxEtvOcpjBaaD27nP8MlvyAQEp2fOTOEe6pfUpk1cDUxij6BR1jZup6rSyUTaBBplK7LanskrULA==",
      "license": "MIT"
    },
    "node_modules/sodium-native": {
      "version": "4.3.1",
      "resolved": "https://registry.npmjs.org/sodium-native/-/sodium-native-4.3.1.tgz",
      "integrity": "sha512-YdP64gAdpIKHfL4ttuX4aIfjeunh9f+hNeQJpE9C8UMndB3zkgZ7YmmGT4J2+v6Ibyp6Wem8D1TcSrtdW0bqtg==",
      "dev": true,
      "license": "MIT",
      "dependencies": {
        "node-gyp-build": "^4.8.0"
      }
    },
    "node_modules/streamx": {
      "version": "2.20.2",
      "resolved": "https://registry.npmjs.org/streamx/-/streamx-2.20.2.tgz",
      "integrity": "sha512-aDGDLU+j9tJcUdPGOaHmVF1u/hhI+CsGkT02V3OKlHDV7IukOI+nTWAGkiZEKCO35rWN1wIr4tS7YFr1f4qSvA==",
      "license": "MIT",
      "dependencies": {
        "fast-fifo": "^1.3.2",
        "queue-tick": "^1.0.1",
        "text-decoder": "^1.1.0"
      },
      "optionalDependencies": {
        "bare-events": "^2.2.0"
      }
    },
    "node_modules/text-decoder": {
      "version": "1.2.1",
      "resolved": "https://registry.npmjs.org/text-decoder/-/text-decoder-1.2.1.tgz",
      "integrity": "sha512-x9v3H/lTKIJKQQe7RPQkLfKAnc9lUTkWDypIQgTzPJAq+5/GCDHonmshfvlsNSj58yyshbIJJDLmU15qNERrXQ==",
      "license": "Apache-2.0"
    }
  }
}
