{
  "name": "bare-kit",
  "lockfileVersion": 3,
  "requires": true,
  "packages": {
    "": {
      "name": "bare-kit",
      "license": "Apache-2.0",
      "dependencies": {
        "bare-bundle": "^1.4.0",
        "bare-console": "^6.0.0",
        "bare-crypto": "^1.2.8",
        "bare-events": "^2.4.2",
        "bare-fs": "^4.0.1",
        "bare-ipc": "^1.0.1",
        "bare-logger": "^1.0.0",
        "bare-module": "^4.3.0",
        "bare-module-resolve": "^1.6.2",
        "bare-path": "^3.0.0",
        "bare-unpack": "^1.0.2",
        "bare-url": "^2.0.1"
      },
      "devDependencies": {
        "cmake-bare": "^1.3.0",
        "cmake-bare-bundle": "^2.1.3",
        "cmake-fetch": "^1.1.0",
        "cmake-napi": "^1.1.2",
        "cmake-npm": "^1.0.2",
        "prettier": "^3.3.3",
        "prettier-config-standard": "^7.0.0"
      }
    },
    "node_modules/b4a": {
      "version": "1.6.7",
      "resolved": "https://registry.npmjs.org/b4a/-/b4a-1.6.7.tgz",
      "integrity": "sha512-OnAYlL5b7LEkALw87fUVafQw5rVR9RjwGd4KUwNQ6DrrNmaVaUCgLipfVlzrPQ4tWOR9P0IXGNOx50jYCCdSJg==",
      "license": "Apache-2.0"
    },
    "node_modules/bare-addon-resolve": {
      "version": "1.9.3",
      "resolved": "https://registry.npmjs.org/bare-addon-resolve/-/bare-addon-resolve-1.9.3.tgz",
      "integrity": "sha512-0W343p8kVy9KimDMrxJtJct/ILWL8gzC0Wwg/Fn/GgQplHvrllyz4fPobUVG5+gx9BokWttzg8FYypQP7V5nrA==",
      "license": "Apache-2.0",
      "dependencies": {
        "bare-module-resolve": "^1.10.0",
        "bare-semver": "^1.0.0"
      },
      "peerDependencies": {
        "bare-url": "*"
      },
      "peerDependenciesMeta": {
        "bare-url": {
          "optional": true
        }
      }
    },
    "node_modules/bare-ansi-escapes": {
      "version": "2.2.2",
      "resolved": "https://registry.npmjs.org/bare-ansi-escapes/-/bare-ansi-escapes-2.2.2.tgz",
      "integrity": "sha512-G9Sc3DSKYjqC2A2KXjDVpGpNeFgudYrPlFGsbMXZpdEgwxD+XDtofuUPf3MTLyAoqosf15EHVc4mldEB4mOlPA==",
      "license": "Apache-2.0",
      "dependencies": {
        "bare-stream": "^2.0.0"
      }
    },
    "node_modules/bare-bundle": {
      "version": "1.8.3",
      "resolved": "https://registry.npmjs.org/bare-bundle/-/bare-bundle-1.8.3.tgz",
      "integrity": "sha512-tFFLAT7AdqOvEH9UrAfJAIgH7iKT9Jl0USMeU8LXVIp8cgfuHYZ8q4BMVtdUSvD6idn/gEutGMkOGDbF3q6xMQ==",
      "license": "Apache-2.0"
    },
    "node_modules/bare-bundle-compile": {
      "version": "1.1.0",
      "resolved": "https://registry.npmjs.org/bare-bundle-compile/-/bare-bundle-compile-1.1.0.tgz",
      "integrity": "sha512-9A7r9tGj42JcityNdQZ/u2yQGuRcVaXa4hT5yj72Z+yBZhKQpey8K2xkhy6q0kgCMk/OrGBTdGzK7tb1DFkaEg==",
      "dev": true,
      "license": "Apache-2.0",
      "peerDependencies": {
        "bare-bundle": "^1.8.0"
      }
    },
    "node_modules/bare-bundle-id": {
      "version": "1.0.0",
      "resolved": "https://registry.npmjs.org/bare-bundle-id/-/bare-bundle-id-1.0.0.tgz",
      "integrity": "sha512-HbGuXbMbZIRzUT+w2oSezyCwSUd6X/VBAOyepkVXO1JdCsvx0/Q2Kw5Fwib0ctjIGj215zVhCwhTVRFeNsdhHw==",
      "dev": true,
      "license": "Apache-2.0",
      "dependencies": {
        "sodium-native": "^4.2.1"
      },
      "peerDependencies": {
        "bare-bundle": "^1.8.0"
      }
    },
    "node_modules/bare-console": {
      "version": "6.0.1",
      "resolved": "https://registry.npmjs.org/bare-console/-/bare-console-6.0.1.tgz",
      "integrity": "sha512-uSE6oqMZQ5jNrJFzynNDwvgmEHW3wWwktjQ+iGWEb/XTvhNVQDfVugwF/YQ2ZO/RIfMl0P89RoCSkX5bOPjzig==",
      "license": "Apache-2.0",
      "dependencies": {
        "bare-hrtime": "^2.0.0",
        "bare-logger": "^1.0.0"
      }
    },
    "node_modules/bare-crypto": {
      "version": "1.4.0",
      "resolved": "https://registry.npmjs.org/bare-crypto/-/bare-crypto-1.4.0.tgz",
      "integrity": "sha512-7redzoBo8NFtsFcgzougA5PAY5JxsxJz3EMUnCveEdG0YdLN4lKMRQ5cD5cTB57PdREzS6eCo1PMnqvTgQAhdw==",
      "license": "Apache-2.0",
      "dependencies": {
        "bare-stream": "^2.6.3"
      },
      "peerDependencies": {
        "bare-buffer": "*"
      },
      "peerDependenciesMeta": {
        "bare-buffer": {
          "optional": true
        }
      }
    },
    "node_modules/bare-events": {
      "version": "2.5.4",
      "resolved": "https://registry.npmjs.org/bare-events/-/bare-events-2.5.4.tgz",
      "integrity": "sha512-+gFfDkR8pj4/TrWCGUGWmJIkBwuxPS5F+a5yWjOHQt2hHvNZd5YLzadjmDUtFmMM4y429bnKLa8bYBMHcYdnQA==",
      "license": "Apache-2.0"
    },
    "node_modules/bare-format": {
      "version": "1.0.1",
      "resolved": "https://registry.npmjs.org/bare-format/-/bare-format-1.0.1.tgz",
      "integrity": "sha512-1oS+LZrWK6tnYnvNSHDGljc2MPunRxwhpFriuCgzNF+oklrnwmBKD91tS0yt+jpl2j3UgcSDzBIMiVTvLs9A8w==",
      "license": "Apache-2.0",
      "dependencies": {
        "bare-inspect": "^3.0.0"
      }
    },
    "node_modules/bare-fs": {
      "version": "4.0.1",
      "resolved": "https://registry.npmjs.org/bare-fs/-/bare-fs-4.0.1.tgz",
      "integrity": "sha512-ilQs4fm/l9eMfWY2dY0WCIUplSUp7U0CT1vrqMg1MUdeZl4fypu5UP0XcDBK5WBQPJAKP1b7XEodISmekH/CEg==",
      "license": "Apache-2.0",
      "dependencies": {
        "bare-events": "^2.0.0",
        "bare-path": "^3.0.0",
        "bare-stream": "^2.0.0"
      },
      "engines": {
        "bare": ">=1.7.0"
      }
    },
    "node_modules/bare-hrtime": {
      "version": "2.0.10",
      "resolved": "https://registry.npmjs.org/bare-hrtime/-/bare-hrtime-2.0.10.tgz",
      "integrity": "sha512-minvIHeR6YIRfxsjgFhk9O//lesw9k5pAeWtZHlA2u3nX1F//TFNoC3lKEDAmMRZSao5PeERZhRaomnCQ7hLQA==",
      "license": "Apache-2.0"
    },
    "node_modules/bare-inspect": {
      "version": "3.0.6",
      "resolved": "https://registry.npmjs.org/bare-inspect/-/bare-inspect-3.0.6.tgz",
      "integrity": "sha512-wU1Zd4y59rwHcVjpWZX5LUXjhxmQLH6epiHAd8KnQV2ovbrby2TdB6fqobCucAqwWPPx4LaA2ghDFEYZfRclbA==",
      "license": "Apache-2.0",
      "dependencies": {
        "bare-ansi-escapes": "^2.1.0",
        "bare-type": "^1.0.0"
      }
    },
    "node_modules/bare-ipc": {
      "version": "1.1.0",
      "resolved": "https://registry.npmjs.org/bare-ipc/-/bare-ipc-1.1.0.tgz",
      "integrity": "sha512-7TXgmQwSHeVF3Ygl6B36we+2bFg3+e9HaW668A654SNvIydooHPqXFsF5CBGfF/Wjdmjqa4q8XsukDwsrBSW0A==",
      "license": "Apache-2.0",
      "dependencies": {
        "bare-pipe": "^4.0.0",
        "bare-stream": "^2.1.3",
        "bare-structured-clone": "^1.4.0"
      }
    },
    "node_modules/bare-logger": {
      "version": "1.0.1",
      "resolved": "https://registry.npmjs.org/bare-logger/-/bare-logger-1.0.1.tgz",
      "integrity": "sha512-O90zbTdzOMtlUVauTEEcoVQkjE6OCFB3TjtjzowS07yS7T13jVawHejdWwJYzVkebCkiC5KSCcLx5OBtCq2PQw==",
      "license": "Apache-2.0",
      "dependencies": {
        "bare-format": "^1.0.0"
      }
    },
    "node_modules/bare-module": {
      "version": "4.8.2",
      "resolved": "https://registry.npmjs.org/bare-module/-/bare-module-4.8.2.tgz",
      "integrity": "sha512-WlkZC/D+SOU+q3QzYhmDErIePwI0EYe3jA2EXJZHnZRHdnoe9Ju9WPKQxjMr65XzQHUCNQ0FU8bwObcPncmWRQ==",
      "license": "Apache-2.0",
      "dependencies": {
        "bare-bundle": "^1.3.0",
        "bare-module-lexer": "^1.0.0",
        "bare-module-resolve": "^1.8.0",
        "bare-path": "^3.0.0",
        "bare-url": "^2.0.1"
      },
      "peerDependencies": {
        "bare-buffer": "*"
      },
      "peerDependenciesMeta": {
        "bare-buffer": {
          "optional": true
        }
      }
    },
    "node_modules/bare-module-lexer": {
      "version": "1.2.0",
      "resolved": "https://registry.npmjs.org/bare-module-lexer/-/bare-module-lexer-1.2.0.tgz",
      "integrity": "sha512-FVnQGQDHOl/Krbq3djqSnOP++1+togwPu+kMB8CvPQfqCfOw35Fc9D3qXtubKCxJxk687myM3Gbev/2yAfsftg==",
      "license": "Apache-2.0",
      "dependencies": {
        "require-addon": "^1.0.2"
      },
      "peerDependencies": {
        "bare-buffer": "*"
      },
      "peerDependenciesMeta": {
        "bare-buffer": {
          "optional": true
        }
      }
    },
    "node_modules/bare-module-resolve": {
      "version": "1.10.2",
      "resolved": "https://registry.npmjs.org/bare-module-resolve/-/bare-module-resolve-1.10.2.tgz",
      "integrity": "sha512-C9COe/GhWfVXKytW3DElTkiBU+Gb2OXeaVkdGdRB/lp26TVLESHkTGS876iceAGdvtPgohfp9nX8vXHGvN3++Q==",
      "license": "Apache-2.0",
      "dependencies": {
        "bare-semver": "^1.0.0"
      },
      "peerDependencies": {
        "bare-url": "*"
      },
      "peerDependenciesMeta": {
        "bare-url": {
          "optional": true
        }
      }
    },
    "node_modules/bare-module-traverse": {
      "version": "1.4.0",
      "resolved": "https://registry.npmjs.org/bare-module-traverse/-/bare-module-traverse-1.4.0.tgz",
      "integrity": "sha512-PNaL3mtwbzht9AOjcLk4UH5opKWMRPnTQdnc5eAxP/ElBKSDcHT4d84MJCC6ANOkygg/BC18ZKmJnkGuosu2iw==",
      "dev": true,
      "license": "Apache-2.0",
      "dependencies": {
        "bare-addon-resolve": "^1.5.0",
        "bare-module-lexer": "^1.0.0",
        "bare-module-resolve": "^1.7.0"
      }
    },
    "node_modules/bare-os": {
      "version": "3.5.1",
      "resolved": "https://registry.npmjs.org/bare-os/-/bare-os-3.5.1.tgz",
      "integrity": "sha512-LvfVNDcWLw2AnIw5f2mWUgumW3I3N/WYGiWeimhQC1Ybt71n2FjlS9GJKeCnFeg1MKZHxzIFmpFnBXDI+sBeFg==",
      "license": "Apache-2.0",
      "engines": {
        "bare": ">=1.14.0"
      }
    },
    "node_modules/bare-pack": {
      "version": "1.2.4",
      "resolved": "https://registry.npmjs.org/bare-pack/-/bare-pack-1.2.4.tgz",
      "integrity": "sha512-Q5xz50QSRzyfCExJgYb+oVhB8ECV9ibl1D5DAZtnkRp1fBpFtpOcYCdQhXWUb2Igj/sBsOVggvooYya3pVf3qw==",
      "dev": true,
      "license": "Apache-2.0",
      "dependencies": {
        "bare-bundle": "^1.8.3",
        "bare-bundle-id": "^1.0.0",
        "bare-module-traverse": "^1.3.0",
        "paparam": "^1.5.0",
        "promaphore": "^1.0.0"
      },
      "bin": {
        "bare-pack": "bin.js"
      }
    },
    "node_modules/bare-path": {
      "version": "3.0.0",
      "resolved": "https://registry.npmjs.org/bare-path/-/bare-path-3.0.0.tgz",
      "integrity": "sha512-tyfW2cQcB5NN8Saijrhqn0Zh7AnFNsnczRcuWODH0eYAXBsJ5gVxAUuNr7tsHSC6IZ77cA0SitzT+s47kot8Mw==",
      "license": "Apache-2.0",
      "dependencies": {
        "bare-os": "^3.0.1"
      }
    },
    "node_modules/bare-pipe": {
      "version": "4.0.4",
      "resolved": "https://registry.npmjs.org/bare-pipe/-/bare-pipe-4.0.4.tgz",
      "integrity": "sha512-UiWAy87oxjCN84ppF0SMuzh3KCrp3JprNMlxykntjEotUiYVoq9WPZGgDVVfT0plLl5Og4cDfvZaTkSL/oEAyw==",
      "license": "Apache-2.0",
      "dependencies": {
        "bare-events": "^2.0.0",
        "bare-stream": "^2.0.0"
      },
      "engines": {
        "bare": ">=1.7.0"
      }
    },
    "node_modules/bare-semver": {
      "version": "1.0.1",
      "resolved": "https://registry.npmjs.org/bare-semver/-/bare-semver-1.0.1.tgz",
      "integrity": "sha512-UtggzHLiTrmFOC/ogQ+Hy7VfoKoIwrP1UFcYtTxoCUdLtsIErT8+SWtOC2DH/snT9h+xDrcBEPcwKei1mzemgg==",
      "license": "Apache-2.0"
    },
    "node_modules/bare-stream": {
      "version": "2.6.5",
      "resolved": "https://registry.npmjs.org/bare-stream/-/bare-stream-2.6.5.tgz",
      "integrity": "sha512-jSmxKJNJmHySi6hC42zlZnq00rga4jjxcgNZjY9N5WlOe/iOoGRtdwGsHzQv2RlH2KOYMwGUXhf2zXd32BA9RA==",
      "license": "Apache-2.0",
      "dependencies": {
        "streamx": "^2.21.0"
      },
      "peerDependencies": {
        "bare-buffer": "*",
        "bare-events": "*"
      },
      "peerDependenciesMeta": {
        "bare-buffer": {
          "optional": true
        },
        "bare-events": {
          "optional": true
        }
      }
    },
    "node_modules/bare-structured-clone": {
      "version": "1.4.2",
      "resolved": "https://registry.npmjs.org/bare-structured-clone/-/bare-structured-clone-1.4.2.tgz",
      "integrity": "sha512-LKstswBJulc1lgKiUR6zBS7nUemokI/xm1sdx8RkNtMR6jcbUwYNV8frzuIxXPcJDU33HGQmn6kJ8VkhP3EvSQ==",
      "license": "Apache-2.0",
      "dependencies": {
        "bare-type": "^1.0.0",
        "compact-encoding": "^2.15.0"
      },
      "engines": {
        "bare": ">=1.2.0"
      },
      "peerDependencies": {
        "bare-buffer": "*",
        "bare-url": "*"
      },
      "peerDependenciesMeta": {
        "bare-buffer": {
          "optional": true
        },
        "bare-url": {
          "optional": true
        }
      }
    },
    "node_modules/bare-type": {
      "version": "1.0.6",
      "resolved": "https://registry.npmjs.org/bare-type/-/bare-type-1.0.6.tgz",
      "integrity": "sha512-6QFeIIp1d06xU9BjDPkl8+QeHil3TKSDpIKUid6bQzwYvxFOnMVhAifRS3J0fvWirEMlWmqxDDKjHW8RPe6C3Q==",
      "license": "Apache-2.0",
      "engines": {
        "bare": ">=1.2.0"
      }
    },
    "node_modules/bare-unpack": {
      "version": "1.0.2",
      "resolved": "https://registry.npmjs.org/bare-unpack/-/bare-unpack-1.0.2.tgz",
      "integrity": "sha512-T5M4jjPr+g+1YSpKxCDzMGMqsOhKU0l3lUSozrKSf9rZJHyauGxuN+ZRJJW+lEuqFEJN93ZDRdDqpsEJ5pR2+A==",
      "license": "Apache-2.0",
      "dependencies": {
        "bare-bundle": "^1.8.3",
        "promaphore": "^1.0.0"
      }
    },
    "node_modules/bare-url": {
      "version": "2.1.3",
      "resolved": "https://registry.npmjs.org/bare-url/-/bare-url-2.1.3.tgz",
      "integrity": "sha512-c02+eKvn/4esh5E2lSYQFwHL1WoTIL3u3NeFqb9e7ahBVENXw13MWx4/4/wdPyI557GqqB2Cm0bBbOXD0I0qgA==",
      "license": "Apache-2.0",
      "dependencies": {
        "bare-path": "^3.0.0"
      }
    },
    "node_modules/cmake-bare": {
      "version": "1.5.3",
      "resolved": "https://registry.npmjs.org/cmake-bare/-/cmake-bare-1.5.3.tgz",
      "integrity": "sha512-f1gpn/fIprGbs97FFNBhAUOLH4p1M4hZVN9ISVoFSml1hJB5q3bPptgXGVUH0HFGawWVEoVpIlxkqfwAh1QlzA==",
      "dev": true,
      "license": "Apache-2.0",
      "dependencies": {
        "cmake-npm": "^1.1.0"
      }
    },
    "node_modules/cmake-bare-bundle": {
      "version": "2.1.3",
      "resolved": "https://registry.npmjs.org/cmake-bare-bundle/-/cmake-bare-bundle-2.1.3.tgz",
      "integrity": "sha512-qwk+8f+ggVanpU8JRfriaRO0Yc+Qvs8eEiyRJIo5Xn9pICg+O8yM2/ZTEXbHFYrlYAosj6DXBprFDpmkKFWfsQ==",
      "dev": true,
      "license": "Apache-2.0",
      "dependencies": {
        "bare-bundle": "^1.8.0",
        "bare-bundle-compile": "^1.0.0",
        "bare-module-traverse": "^1.2.4",
        "bare-pack": "^1.0.0",
        "cmake-bare": "^1.1.4",
        "include-static": "^1.1.0"
      }
    },
    "node_modules/cmake-fetch": {
      "version": "1.4.0",
      "resolved": "https://registry.npmjs.org/cmake-fetch/-/cmake-fetch-1.4.0.tgz",
      "integrity": "sha512-R8MhQyAUL1M9Eu9fawUtPxRlSo1LX374KAYIheHhBDcp5kI+s5BwMLVQTVHDjaKr17JiulRqYR8SuTc1Nvd4MA==",
      "dev": true,
      "license": "Apache-2.0"
    },
    "node_modules/cmake-napi": {
      "version": "1.1.2",
      "resolved": "https://registry.npmjs.org/cmake-napi/-/cmake-napi-1.1.2.tgz",
      "integrity": "sha512-dTH/8EqGDH6sU3EuJEhmEUHy2fkwh/DZDl0pWr5+FhUQeXdNGtaqcOZf3ibAS966CLzLXiiwfHRAv7t2PKueLw==",
      "dev": true,
      "license": "Apache-2.0"
    },
    "node_modules/cmake-npm": {
      "version": "1.1.0",
      "resolved": "https://registry.npmjs.org/cmake-npm/-/cmake-npm-1.1.0.tgz",
      "integrity": "sha512-+mM1ykb4k0bSR5afW0LcVLEf1rd00o95m8PeotnCfXcsnEQ++TKrf86noO4G9uLGrvgKi9kD1BJvaZyN4G8CDw==",
      "dev": true,
      "license": "Apache-2.0"
    },
    "node_modules/compact-encoding": {
      "version": "2.16.0",
      "resolved": "https://registry.npmjs.org/compact-encoding/-/compact-encoding-2.16.0.tgz",
      "integrity": "sha512-zG2ul4Egc8ktfmj2vYiC6s/U3u1OkNyUGj32jrJq6qcJ4atGcEpVr+AI+VDJ3oteNfGIw/uol4oBQyB74OeGvw==",
      "license": "Apache-2.0",
      "dependencies": {
        "b4a": "^1.3.0"
      }
    },
    "node_modules/fast-fifo": {
      "version": "1.3.2",
      "resolved": "https://registry.npmjs.org/fast-fifo/-/fast-fifo-1.3.2.tgz",
      "integrity": "sha512-/d9sfos4yxzpwkDkuN7k2SqFKtYNmCTzgfEpz82x34IM9/zc8KGxQoXg1liNC/izpRM/MBdt44Nmx41ZWqk+FQ==",
      "license": "MIT"
    },
    "node_modules/include-static": {
      "version": "1.1.0",
      "resolved": "https://registry.npmjs.org/include-static/-/include-static-1.1.0.tgz",
      "integrity": "sha512-1lAeUDHVfCUFcL84pDPFto5kzNY6uOYENJumGAmFdQQEvgsL7pprNYLWTaLyKo014IXVNtF5adDaSezu6XZWLA==",
      "dev": true,
      "license": "MIT",
      "bin": {
        "include-static": "bin.js"
      }
    },
    "node_modules/paparam": {
      "version": "1.8.0",
      "resolved": "https://registry.npmjs.org/paparam/-/paparam-1.8.0.tgz",
      "integrity": "sha512-0U8gpE2n7UJq14krU42P6CLCLYLtNdpbjC0ycJR2jIM6kWp94jkMMqayxOyK+8ZZsa8/agOaBTmj5BfmzRW5nQ==",
      "dev": true,
      "license": "Apache-2.0"
    },
    "node_modules/prettier": {
      "version": "3.5.3",
      "resolved": "https://registry.npmjs.org/prettier/-/prettier-3.5.3.tgz",
      "integrity": "sha512-QQtaxnoDJeAkDvDKWCLiwIXkTgRhwYDEQCghU9Z6q03iyek/rxRh/2lC3HB7P8sWT2xC/y5JDctPLBIGzHKbhw==",
      "dev": true,
      "license": "MIT",
      "bin": {
        "prettier": "bin/prettier.cjs"
      },
      "engines": {
        "node": ">=14"
      },
      "funding": {
        "url": "https://github.com/prettier/prettier?sponsor=1"
      }
    },
    "node_modules/prettier-config-standard": {
      "version": "7.0.0",
      "resolved": "https://registry.npmjs.org/prettier-config-standard/-/prettier-config-standard-7.0.0.tgz",
      "integrity": "sha512-NgZy4TYupJR6aMMuV/Aqs0ONnVhlFT8PXVkYRskxREq8EUhJHOddVfBxPV6fWpgcASpJSgvvhVLk0CBO5M3Hvw==",
      "dev": true,
      "license": "BSD-3-Clause",
      "peerDependencies": {
        "prettier": "^2.6.0 || ^3.0.0"
      }
    },
    "node_modules/promaphore": {
      "version": "1.0.0",
      "resolved": "https://registry.npmjs.org/promaphore/-/promaphore-1.0.0.tgz",
      "integrity": "sha512-Eg8401+KJddVvDULkpy8bR964GMX8xMPegL6NdxTeBH2Wa3L86cZlEHizbkFJikr5u+E3wFoR5dLWJ+1OPyEfw==",
      "license": "MIT"
    },
    "node_modules/require-addon": {
      "version": "1.1.0",
      "resolved": "https://registry.npmjs.org/require-addon/-/require-addon-1.1.0.tgz",
      "integrity": "sha512-KbXAD5q2+v1GJnkzd8zzbOxchTkStSyJZ9QwoCq3QwEXAaIlG3wDYRZGzVD357jmwaGY7hr5VaoEAL0BkF0Kvg==",
      "license": "Apache-2.0",
      "dependencies": {
        "bare-addon-resolve": "^1.3.0",
        "bare-url": "^2.1.0"
      },
      "engines": {
        "bare": ">=1.10.0"
      }
    },
    "node_modules/sodium-native": {
      "version": "4.3.3",
      "resolved": "https://registry.npmjs.org/sodium-native/-/sodium-native-4.3.3.tgz",
      "integrity": "sha512-OnxSlN3uyY8D0EsLHpmm2HOFmKddQVvEMmsakCrXUzSd8kjjbzL413t4ZNF3n0UxSwNgwTyUvkmZHTfuCeiYSw==",
      "dev": true,
      "license": "MIT",
      "dependencies": {
        "require-addon": "^1.1.0"
      }
    },
    "node_modules/streamx": {
      "version": "2.22.0",
      "resolved": "https://registry.npmjs.org/streamx/-/streamx-2.22.0.tgz",
      "integrity": "sha512-sLh1evHOzBy/iWRiR6d1zRcLao4gGZr3C1kzNz4fopCOKJb6xD9ub8Mpi9Mr1R6id5o43S+d93fI48UC5uM9aw==",
      "license": "MIT",
      "dependencies": {
        "fast-fifo": "^1.3.2",
        "text-decoder": "^1.1.0"
      },
      "optionalDependencies": {
        "bare-events": "^2.2.0"
      }
    },
    "node_modules/text-decoder": {
      "version": "1.2.3",
      "resolved": "https://registry.npmjs.org/text-decoder/-/text-decoder-1.2.3.tgz",
      "integrity": "sha512-3/o9z3X0X0fTupwsYvR03pJ/DjWuqqrfwBgTQzdWDiQSm9KitAyz/9WqsT2JQW7KV2m+bC2ol/zqpW37NHxLaA==",
      "license": "Apache-2.0",
      "dependencies": {
        "b4a": "^1.6.4"
      }
    }
  }
}
