{
  "name": "bare-kit",
  "lockfileVersion": 3,
  "requires": true,
  "packages": {
    "": {
      "name": "bare-kit",
      "license": "Apache-2.0",
      "dependencies": {
        "bare-bundle": "^1.4.0",
        "bare-crypto": "^1.2.8",
        "bare-events": "^2.4.2",
        "bare-fs": "^3.0.2",
        "bare-module": "^4.3.0",
        "bare-module-resolve": "^1.6.2",
        "bare-path": "^3.0.0",
        "bare-url": "^2.0.1",
        "bare-zmq": "^1.2.1"
      },
      "devDependencies": {
        "cmake-bare": "^1.3.0",
        "cmake-bare-bundle": "^2.1.3",
        "cmake-fetch": "^1.1.0",
        "cmake-npm": "^1.0.2",
        "prettier": "^3.3.3",
        "prettier-config-standard": "^7.0.0"
      }
    },
    "node_modules/bare-addon-resolve": {
      "version": "1.7.2",
      "resolved": "https://registry.npmjs.org/bare-addon-resolve/-/bare-addon-resolve-1.7.2.tgz",
      "integrity": "sha512-Xs4YRFoLiDIvbECfzVQouzjD70qeiqsq3T0TQY6Ey7hkEhsJC7vtH/l3UFsDr8W9h7pwH/FTz5bz9L55kIks4A==",
      "license": "Apache-2.0",
      "dependencies": {
        "bare-module-resolve": "^1.8.2",
        "bare-semver": "^1.0.0"
      }
    },
    "node_modules/bare-bundle": {
      "version": "1.8.1",
      "resolved": "https://registry.npmjs.org/bare-bundle/-/bare-bundle-1.8.1.tgz",
      "integrity": "sha512-5LUrTCVJtCiUPd6jbNYBNC9sMgDxsQbRvOuwr6qa2DlzNiHErLjDzcN9KOGIoSsv68O9jzS+syzfniRoaPo/rQ==",
      "license": "Apache-2.0"
    },
    "node_modules/bare-bundle-compile": {
      "version": "1.1.0",
      "resolved": "https://registry.npmjs.org/bare-bundle-compile/-/bare-bundle-compile-1.1.0.tgz",
      "integrity": "sha512-9A7r9tGj42JcityNdQZ/u2yQGuRcVaXa4hT5yj72Z+yBZhKQpey8K2xkhy6q0kgCMk/OrGBTdGzK7tb1DFkaEg==",
      "dev": true,
      "license": "Apache-2.0",
      "peerDependencies": {
        "bare-bundle": "^1.8.0"
      }
    },
    "node_modules/bare-bundle-id": {
      "version": "1.0.0",
      "resolved": "https://registry.npmjs.org/bare-bundle-id/-/bare-bundle-id-1.0.0.tgz",
      "integrity": "sha512-HbGuXbMbZIRzUT+w2oSezyCwSUd6X/VBAOyepkVXO1JdCsvx0/Q2Kw5Fwib0ctjIGj215zVhCwhTVRFeNsdhHw==",
      "dev": true,
      "license": "Apache-2.0",
      "dependencies": {
        "sodium-native": "^4.2.1"
      },
      "peerDependencies": {
        "bare-bundle": "^1.8.0"
      }
    },
    "node_modules/bare-crypto": {
      "version": "1.3.1",
      "resolved": "https://registry.npmjs.org/bare-crypto/-/bare-crypto-1.3.1.tgz",
      "integrity": "sha512-bcbAZmhr6t6EEazQuwu3EhPX/eZR2z0yLyss9hj8XDjeMqXe+KxEkrxDqTkkqLuslO6IQ8mJFVB2mkL/QyXKUA==",
      "license": "Apache-2.0",
      "dependencies": {
        "bare-stream": "^2.0.0"
      }
    },
    "node_modules/bare-events": {
      "version": "2.5.0",
      "resolved": "https://registry.npmjs.org/bare-events/-/bare-events-2.5.0.tgz",
      "integrity": "sha512-/E8dDe9dsbLyh2qrZ64PEPadOQ0F4gbl1sUJOrmph7xOiIxfY8vwab/4bFLh4Y88/Hk/ujKcrQKc+ps0mv873A==",
      "license": "Apache-2.0"
    },
    "node_modules/bare-fs": {
      "version": "3.1.1",
      "resolved": "https://registry.npmjs.org/bare-fs/-/bare-fs-3.1.1.tgz",
      "integrity": "sha512-AhJ8tNQxhYGfpYERMKshGXG5CJF7S2JpxYAGTa1+Bd78m4TKeMqj9UqmW8Z2ooAYeP0idv0fi/AYVomS9NqKRQ==",
      "license": "Apache-2.0",
      "dependencies": {
        "bare-events": "^2.0.0",
        "bare-path": "^3.0.0",
        "bare-stream": "^2.0.0"
      }
    },
    "node_modules/bare-module": {
      "version": "4.7.0",
      "resolved": "https://registry.npmjs.org/bare-module/-/bare-module-4.7.0.tgz",
      "integrity": "sha512-jwEDxSnwvbQHgCipwuqdYVATg+ctxA7f+Pvg8SZVP/LuhIspGDOctcLDJ0r1WeIvRXlYzv9QoILZCafYGGkFng==",
      "license": "Apache-2.0",
      "dependencies": {
        "bare-bundle": "^1.3.0",
        "bare-module-lexer": "^1.0.0",
        "bare-module-resolve": "^1.8.0",
        "bare-path": "^3.0.0",
        "bare-url": "^2.0.1"
      }
    },
    "node_modules/bare-module-lexer": {
      "version": "1.1.0",
      "resolved": "https://registry.npmjs.org/bare-module-lexer/-/bare-module-lexer-1.1.0.tgz",
      "integrity": "sha512-NkxZXq5ktZ07UU2za3gUYnn+QHNh/oSVQePQYQuViQVTSOOtTFX6g7qQLCTBQjniCi9vyQ6x5/MaVXx5RUuBYA==",
      "license": "Apache-2.0",
      "dependencies": {
        "require-addon": "^1.0.2"
      }
    },
    "node_modules/bare-module-resolve": {
      "version": "1.8.2",
      "resolved": "https://registry.npmjs.org/bare-module-resolve/-/bare-module-resolve-1.8.2.tgz",
      "integrity": "sha512-Nl5t5qganykTAqPe51iKl3LMGOamWrB6W395c0/JEy3w9ixoMIrc9Kb2/xKzxeb0f3CgOhRpWFa6ge1ljMXAYA==",
      "license": "Apache-2.0",
      "dependencies": {
        "bare-semver": "^1.0.0"
      }
    },
    "node_modules/bare-module-traverse": {
      "version": "1.2.6",
      "resolved": "https://registry.npmjs.org/bare-module-traverse/-/bare-module-traverse-1.2.6.tgz",
      "integrity": "sha512-uY/qSP9aw5kFKLWLYxqV+lk9rkx5OWJapbVA6z/AaSy7n5W/suGgPGOLc+BKQR5FfaVLcNTXfI/mSDnaHyWotw==",
      "dev": true,
      "license": "Apache-2.0",
      "dependencies": {
        "bare-addon-resolve": "^1.5.0",
        "bare-module-lexer": "^1.0.0",
        "bare-module-resolve": "^1.7.0"
      }
    },
    "node_modules/bare-os": {
      "version": "3.3.0",
      "resolved": "https://registry.npmjs.org/bare-os/-/bare-os-3.3.0.tgz",
      "integrity": "sha512-FHpgZfomMYliB1mDls35vFDpSQGFKS+yZYTCNdkK891t5dl9+sNUvplKxIPJvnhPHl+ZYTOz0gIJHeFpjltcDg==",
      "license": "Apache-2.0",
      "engines": {
        "bare": ">=1.6.0"
      }
    },
    "node_modules/bare-pack": {
      "version": "1.1.5",
      "resolved": "https://registry.npmjs.org/bare-pack/-/bare-pack-1.1.5.tgz",
      "integrity": "sha512-/yQ/rQR13FeFPcjPZy7qZ9NzHL65CuKiyBxQvrf+ONhfn4M64dD/h75xe1pybm8XCrssZZ4kUNw8pTeKykBdZg==",
      "dev": true,
      "license": "Apache-2.0",
      "dependencies": {
        "bare-bundle": "^1.8.0",
        "bare-bundle-id": "^1.0.0",
        "bare-module-traverse": "^1.2.5",
        "paparam": "^1.5.0",
        "promaphore": "^1.0.0"
      },
      "bin": {
        "bare-pack": "bin.js"
      }
    },
    "node_modules/bare-path": {
      "version": "3.0.0",
      "resolved": "https://registry.npmjs.org/bare-path/-/bare-path-3.0.0.tgz",
      "integrity": "sha512-tyfW2cQcB5NN8Saijrhqn0Zh7AnFNsnczRcuWODH0eYAXBsJ5gVxAUuNr7tsHSC6IZ77cA0SitzT+s47kot8Mw==",
      "license": "Apache-2.0",
      "dependencies": {
        "bare-os": "^3.0.1"
      }
    },
    "node_modules/bare-semver": {
      "version": "1.0.1",
      "resolved": "https://registry.npmjs.org/bare-semver/-/bare-semver-1.0.1.tgz",
      "integrity": "sha512-UtggzHLiTrmFOC/ogQ+Hy7VfoKoIwrP1UFcYtTxoCUdLtsIErT8+SWtOC2DH/snT9h+xDrcBEPcwKei1mzemgg==",
      "license": "Apache-2.0"
    },
    "node_modules/bare-stream": {
      "version": "2.4.2",
      "resolved": "https://registry.npmjs.org/bare-stream/-/bare-stream-2.4.2.tgz",
      "integrity": "sha512-XZ4ln/KV4KT+PXdIWTKjsLY+quqCaEtqqtgGJVPw9AoM73By03ij64YjepK0aQvHSWDb6AfAZwqKaFu68qkrdA==",
      "license": "Apache-2.0",
      "dependencies": {
        "streamx": "^2.20.0"
      }
    },
    "node_modules/bare-url": {
      "version": "2.1.0",
      "resolved": "https://registry.npmjs.org/bare-url/-/bare-url-2.1.0.tgz",
      "integrity": "sha512-JWZVPhfCe7L96Xnf41OD+VMknzo+sM433YpK2svWfHpjCAoVQlg3syjYQLzf+IrCJED0PcotFp1vsCcKL6l02Q==",
      "license": "Apache-2.0",
      "dependencies": {
        "bare-path": "^3.0.0"
      }
    },
    "node_modules/bare-zmq": {
      "version": "1.2.2",
      "resolved": "https://registry.npmjs.org/bare-zmq/-/bare-zmq-1.2.2.tgz",
      "integrity": "sha512-WkMkPbOYPAWrK8n6yegm0i/443oltk5/blnk2qTWBZjewFX3GcaHxwO3/cL5IukcjZ53DpJbhSFgqBa2NjSeoA==",
      "license": "Apache-2.0",
      "dependencies": {
        "bare-events": "^2.5.0",
        "bare-stream": "^2.4.2"
      }
    },
    "node_modules/cmake-bare": {
      "version": "1.4.0",
      "resolved": "https://registry.npmjs.org/cmake-bare/-/cmake-bare-1.4.0.tgz",
      "integrity": "sha512-gNR25p+sGaEkoroTd967f0IrevGFjOC1UblM3BzS9u4zT3c7zZ2WlGkxwRa9fao4TH9XMY7ZJ825bFJ8Y8URKQ==",
      "dev": true,
      "license": "Apache-2.0",
      "dependencies": {
        "cmake-npm": "^1.0.0"
      }
    },
    "node_modules/cmake-bare-bundle": {
      "version": "2.1.3",
      "resolved": "https://registry.npmjs.org/cmake-bare-bundle/-/cmake-bare-bundle-2.1.3.tgz",
      "integrity": "sha512-qwk+8f+ggVanpU8JRfriaRO0Yc+Qvs8eEiyRJIo5Xn9pICg+O8yM2/ZTEXbHFYrlYAosj6DXBprFDpmkKFWfsQ==",
      "dev": true,
      "license": "Apache-2.0",
      "dependencies": {
        "bare-bundle": "^1.8.0",
        "bare-bundle-compile": "^1.0.0",
        "bare-module-traverse": "^1.2.4",
        "bare-pack": "^1.0.0",
        "cmake-bare": "^1.1.4",
        "include-static": "^1.1.0"
      }
    },
    "node_modules/cmake-fetch": {
      "version": "1.1.1",
      "resolved": "https://registry.npmjs.org/cmake-fetch/-/cmake-fetch-1.1.1.tgz",
      "integrity": "sha512-Dlc6QMG2lYWr+nmvlvJvFZy7/eLW2RGRYCMQSbFnL8F4FP4tND3zhu2N7vQM/bhlEengF3y8KF6IM6gIB2crpw==",
      "dev": true,
      "license": "Apache-2.0"
    },
    "node_modules/cmake-npm": {
      "version": "1.0.4",
      "resolved": "https://registry.npmjs.org/cmake-npm/-/cmake-npm-1.0.4.tgz",
      "integrity": "sha512-qYjgqDxjfglIswTChmO62U+Rem4ocWhZcec/fEw+dNYvyyepBMcl5lzC9CAwjnpiuODpEee+d1/JNnF+7VPqtw==",
      "dev": true,
      "license": "Apache-2.0"
    },
    "node_modules/fast-fifo": {
      "version": "1.3.2",
      "resolved": "https://registry.npmjs.org/fast-fifo/-/fast-fifo-1.3.2.tgz",
      "integrity": "sha512-/d9sfos4yxzpwkDkuN7k2SqFKtYNmCTzgfEpz82x34IM9/zc8KGxQoXg1liNC/izpRM/MBdt44Nmx41ZWqk+FQ==",
      "license": "MIT"
    },
    "node_modules/include-static": {
      "version": "1.1.0",
      "resolved": "https://registry.npmjs.org/include-static/-/include-static-1.1.0.tgz",
      "integrity": "sha512-1lAeUDHVfCUFcL84pDPFto5kzNY6uOYENJumGAmFdQQEvgsL7pprNYLWTaLyKo014IXVNtF5adDaSezu6XZWLA==",
      "dev": true,
      "license": "MIT",
      "bin": {
        "include-static": "bin.js"
      }
    },
    "node_modules/node-gyp-build": {
      "version": "4.8.4",
      "resolved": "https://registry.npmjs.org/node-gyp-build/-/node-gyp-build-4.8.4.tgz",
      "integrity": "sha512-LA4ZjwlnUblHVgq0oBF3Jl/6h/Nvs5fzBLwdEF4nuxnFdsfajde4WfxtJr3CaiH+F6ewcIB/q4jQ4UzPyid+CQ==",
      "dev": true,
      "license": "MIT",
      "bin": {
        "node-gyp-build": "bin.js",
        "node-gyp-build-optional": "optional.js",
        "node-gyp-build-test": "build-test.js"
      }
    },
    "node_modules/paparam": {
      "version": "1.6.1",
      "resolved": "https://registry.npmjs.org/paparam/-/paparam-1.6.1.tgz",
      "integrity": "sha512-DBUPol9DzsNjVNh0PwXwzAun5J3H602BVYouLMyRjYZDMt82AG0YCHesgGbCxb+TsdHeHBRSQwOs8igV9+K6Yw==",
      "dev": true,
      "license": "Apache-2.0"
    },
    "node_modules/prettier": {
      "version": "3.4.2",
      "resolved": "https://registry.npmjs.org/prettier/-/prettier-3.4.2.tgz",
      "integrity": "sha512-e9MewbtFo+Fevyuxn/4rrcDAaq0IYxPGLvObpQjiZBMAzB9IGmzlnG9RZy3FFas+eBMu2vA0CszMeduow5dIuQ==",
      "dev": true,
      "license": "MIT",
      "bin": {
        "prettier": "bin/prettier.cjs"
      },
      "engines": {
        "node": ">=14"
      },
      "funding": {
        "url": "https://github.com/prettier/prettier?sponsor=1"
      }
    },
    "node_modules/prettier-config-standard": {
      "version": "7.0.0",
      "resolved": "https://registry.npmjs.org/prettier-config-standard/-/prettier-config-standard-7.0.0.tgz",
      "integrity": "sha512-NgZy4TYupJR6aMMuV/Aqs0ONnVhlFT8PXVkYRskxREq8EUhJHOddVfBxPV6fWpgcASpJSgvvhVLk0CBO5M3Hvw==",
      "dev": true,
      "license": "BSD-3-Clause",
      "peerDependencies": {
        "prettier": "^2.6.0 || ^3.0.0"
      }
    },
    "node_modules/promaphore": {
      "version": "1.0.0",
      "resolved": "https://registry.npmjs.org/promaphore/-/promaphore-1.0.0.tgz",
      "integrity": "sha512-Eg8401+KJddVvDULkpy8bR964GMX8xMPegL6NdxTeBH2Wa3L86cZlEHizbkFJikr5u+E3wFoR5dLWJ+1OPyEfw==",
      "dev": true,
      "license": "MIT"
    },
    "node_modules/queue-tick": {
      "version": "1.0.1",
      "resolved": "https://registry.npmjs.org/queue-tick/-/queue-tick-1.0.1.tgz",
      "integrity": "sha512-kJt5qhMxoszgU/62PLP1CJytzd2NKetjSRnyuj31fDd3Rlcz3fzlFdFLD1SItunPwyqEOkca6GbV612BWfaBag==",
      "license": "MIT"
    },
    "node_modules/require-addon": {
      "version": "1.0.10",
      "resolved": "https://registry.npmjs.org/require-addon/-/require-addon-1.0.10.tgz",
      "integrity": "sha512-a9l3/E6Vn9GVRhYHCZQ8gyyPho+SjyXcVeedhebtFuTf76kp5EQa90soCWfVxf/FQo2pfcX7tojynQkhkfOSpw==",
      "license": "Apache-2.0",
      "dependencies": {
        "bare-addon-resolve": "^1.3.0",
        "bare-url": "^2.1.0"
      },
      "engines": {
        "bare": ">=1.10.0"
      }
    },
    "node_modules/sodium-native": {
      "version": "4.3.1",
      "resolved": "https://registry.npmjs.org/sodium-native/-/sodium-native-4.3.1.tgz",
      "integrity": "sha512-YdP64gAdpIKHfL4ttuX4aIfjeunh9f+hNeQJpE9C8UMndB3zkgZ7YmmGT4J2+v6Ibyp6Wem8D1TcSrtdW0bqtg==",
      "dev": true,
      "license": "MIT",
      "dependencies": {
        "node-gyp-build": "^4.8.0"
      }
    },
    "node_modules/streamx": {
      "version": "2.21.0",
      "resolved": "https://registry.npmjs.org/streamx/-/streamx-2.21.0.tgz",
      "integrity": "sha512-Qz6MsDZXJ6ur9u+b+4xCG18TluU7PGlRfXVAAjNiGsFrBUt/ioyLkxbFaKJygoPs+/kW4VyBj0bSj89Qu0IGyg==",
      "license": "MIT",
      "dependencies": {
        "fast-fifo": "^1.3.2",
        "queue-tick": "^1.0.1",
        "text-decoder": "^1.1.0"
      },
      "optionalDependencies": {
        "bare-events": "^2.2.0"
      }
    },
    "node_modules/text-decoder": {
      "version": "1.2.1",
      "resolved": "https://registry.npmjs.org/text-decoder/-/text-decoder-1.2.1.tgz",
      "integrity": "sha512-x9v3H/lTKIJKQQe7RPQkLfKAnc9lUTkWDypIQgTzPJAq+5/GCDHonmshfvlsNSj58yyshbIJJDLmU15qNERrXQ==",
      "license": "Apache-2.0"
    }
  }
}
